// !$*UTF8*$!
{
	archiveVersion = 1;
	classes = {
	};
	objectVersion = 50;
	objects = {

/* Begin PBXBuildFile section */
		7023D33425F0C112003A8FE6 /* GTFramework.framework in Frameworks */ = {isa = PBXBuildFile; fileRef = 7023D33025F0BED7003A8FE6 /* GTFramework.framework */; };
		7023D33525F0C112003A8FE6 /* GTFramework.framework in Embed Frameworks */ = {isa = PBXBuildFile; fileRef = 7023D33025F0BED7003A8FE6 /* GTFramework.framework */; settings = {ATTRIBUTES = (CodeSignOnCopy, RemoveHeadersOnCopy, ); }; };
		7023D33B25F0C850003A8FE6 /* GTMineViewController.m in Sources */ = {isa = PBXBuildFile; fileRef = 7023D33925F0C850003A8FE6 /* GTMineViewController.m */; };
		7023D34225F0D209003A8FE6 /* TencentOpenAPI.framework in Frameworks */ = {isa = PBXBuildFile; fileRef = 7023D33E25F0D1D4003A8FE6 /* TencentOpenAPI.framework */; };
		7023D34825F0D23B003A8FE6 /* SystemConfiguration.framework in Frameworks */ = {isa = PBXBuildFile; fileRef = 7023D34625F0D235003A8FE6 /* SystemConfiguration.framework */; };
		7023D35525F0D50B003A8FE6 /* GTLogin.m in Sources */ = {isa = PBXBuildFile; fileRef = 7023D35325F0D50B003A8FE6 /* GTLogin.m */; };
		7028F26425EE236200AA1D03 /* GTVideoPlayer.m in Sources */ = {isa = PBXBuildFile; fileRef = 7028F26325EE236200AA1D03 /* GTVideoPlayer.m */; };
		70585D3925E5F6A90071E900 /* GTMediator.m in Sources */ = {isa = PBXBuildFile; fileRef = 70585D3825E5F6A90071E900 /* GTMediator.m */; };
		706A98C825EF1EA400BC4F7B /* GTVideoToolbar.m in Sources */ = {isa = PBXBuildFile; fileRef = 706A98C725EF1EA400BC4F7B /* GTVideoToolbar.m */; };
		706A98CF25EF3B4900BC4F7B /* GTScreen.m in Sources */ = {isa = PBXBuildFile; fileRef = 706A98CE25EF3B4900BC4F7B /* GTScreen.m */; };
		707E0E0625CA556F0088B375 /* AppDelegate.m in Sources */ = {isa = PBXBuildFile; fileRef = 707E0E0525CA556F0088B375 /* AppDelegate.m */; };
		707E0E0C25CA556F0088B375 /* GTNewsViewController.m in Sources */ = {isa = PBXBuildFile; fileRef = 707E0E0B25CA556F0088B375 /* GTNewsViewController.m */; };
		707E0E1125CA55700088B375 /* Assets.xcassets in Resources */ = {isa = PBXBuildFile; fileRef = 707E0E1025CA55700088B375 /* Assets.xcassets */; };
		707E0E1425CA55700088B375 /* LaunchScreen.storyboard in Resources */ = {isa = PBXBuildFile; fileRef = 707E0E1225CA55700088B375 /* LaunchScreen.storyboard */; };
		707E0E1725CA55700088B375 /* main.m in Sources */ = {isa = PBXBuildFile; fileRef = 707E0E1625CA55700088B375 /* main.m */; };
		707E0E2125CA55700088B375 /* SampleAppTests.m in Sources */ = {isa = PBXBuildFile; fileRef = 707E0E2025CA55700088B375 /* SampleAppTests.m */; };
		707E0E2C25CA55700088B375 /* SampleAppUITests.m in Sources */ = {isa = PBXBuildFile; fileRef = 707E0E2B25CA55700088B375 /* SampleAppUITests.m */; };
		7085FB2F25DFA1A900C2049D /* GTVideoViewController.m in Sources */ = {isa = PBXBuildFile; fileRef = 7085FB2E25DFA1A900C2049D /* GTVideoViewController.m */; };
		70ABE0A325CBD6C700A665D8 /* icon.bundle in Resources */ = {isa = PBXBuildFile; fileRef = 70ABE0A225CBD6C700A665D8 /* icon.bundle */; };
		70B9B7CC25ECE10700ED0568 /* GTVideoCoverViewCollectionViewCell.m in Sources */ = {isa = PBXBuildFile; fileRef = 70B9B7CB25ECE10700ED0568 /* GTVideoCoverViewCollectionViewCell.m */; };
		70BF60A225E0E3E70068E995 /* GTRecommendViewController.m in Sources */ = {isa = PBXBuildFile; fileRef = 70BF60A125E0E3E70068E995 /* GTRecommendViewController.m */; };
		70BF60C625E356FA0068E995 /* GTDetailViewController.m in Sources */ = {isa = PBXBuildFile; fileRef = 70BF60C525E356FA0068E995 /* GTDetailViewController.m */; };
		70BF60E125E3644A0068E995 /* GTDeleteCellView.m in Sources */ = {isa = PBXBuildFile; fileRef = 70BF60E025E3644A0068E995 /* GTDeleteCellView.m */; };
		70BF60F125E3A1040068E995 /* GTListLoad.m in Sources */ = {isa = PBXBuildFile; fileRef = 70BF60F025E3A1040068E995 /* GTListLoad.m */; };
		70BF612425E4DA0C0068E995 /* GTListItem.m in Sources */ = {isa = PBXBuildFile; fileRef = 70BF612325E4DA0C0068E995 /* GTListItem.m */; };
		70BF614425E4E2E40068E995 /* GTNormalTableViewCell.h in Sources */ = {isa = PBXBuildFile; fileRef = 70BF60D925E361000068E995 /* GTNormalTableViewCell.h */; };
		70BF614525E4E2E40068E995 /* GTNormalTableViewCell.m in Sources */ = {isa = PBXBuildFile; fileRef = 70BF60DA25E361000068E995 /* GTNormalTableViewCell.m */; };
		70F11A8925F0976700EECD5B /* GTSlashView.m in Sources */ = {isa = PBXBuildFile; fileRef = 70F11A8825F0976700EECD5B /* GTSlashView.m */; };
		70F11AAD25F0B27500EECD5B /* libGTStatic.a in Frameworks */ = {isa = PBXBuildFile; fileRef = 70F11AAC25F0B27500EECD5B /* libGTStatic.a */; };
		7D38B7DA6B15CFD4549DEE47 /* libPods-SampleApp.a in Frameworks */ = {isa = PBXBuildFile; fileRef = 5E67906EE39AE6C81E81D51D /* libPods-SampleApp.a */; };
/* End PBXBuildFile section */

/* Begin PBXContainerItemProxy section */
		707E0E1D25CA55700088B375 /* PBXContainerItemProxy */ = {
			isa = PBXContainerItemProxy;
			containerPortal = 707E0DF925CA556F0088B375 /* Project object */;
			proxyType = 1;
			remoteGlobalIDString = 707E0E0025CA556F0088B375;
			remoteInfo = SampleApp;
		};
		707E0E2825CA55700088B375 /* PBXContainerItemProxy */ = {
			isa = PBXContainerItemProxy;
			containerPortal = 707E0DF925CA556F0088B375 /* Project object */;
			proxyType = 1;
			remoteGlobalIDString = 707E0E0025CA556F0088B375;
			remoteInfo = SampleApp;
		};
/* End PBXContainerItemProxy section */

/* Begin PBXCopyFilesBuildPhase section */
		7023D32D25F0BBEA003A8FE6 /* Embed Frameworks */ = {
			isa = PBXCopyFilesBuildPhase;
			buildActionMask = 2147483647;
			dstPath = "";
			dstSubfolderSpec = 10;
			files = (
				7023D33525F0C112003A8FE6 /* GTFramework.framework in Embed Frameworks */,
			);
			name = "Embed Frameworks";
			runOnlyForDeploymentPostprocessing = 0;
		};
/* End PBXCopyFilesBuildPhase section */

/* Begin PBXFileReference section */
		5E67906EE39AE6C81E81D51D /* libPods-SampleApp.a */ = {isa = PBXFileReference; explicitFileType = archive.ar; includeInIndex = 0; path = "libPods-SampleApp.a"; sourceTree = BUILT_PRODUCTS_DIR; };
		7023D33025F0BED7003A8FE6 /* GTFramework.framework */ = {isa = PBXFileReference; lastKnownFileType = wrapper.framework; path = GTFramework.framework; sourceTree = "<group>"; };
		7023D33925F0C850003A8FE6 /* GTMineViewController.m */ = {isa = PBXFileReference; fileEncoding = 4; lastKnownFileType = sourcecode.c.objc; path = GTMineViewController.m; sourceTree = "<group>"; };
		7023D33A25F0C850003A8FE6 /* GTMineViewController.h */ = {isa = PBXFileReference; fileEncoding = 4; lastKnownFileType = sourcecode.c.h; path = GTMineViewController.h; sourceTree = "<group>"; };
		7023D33E25F0D1D4003A8FE6 /* TencentOpenAPI.framework */ = {isa = PBXFileReference; lastKnownFileType = wrapper.framework; path = TencentOpenAPI.framework; sourceTree = "<group>"; };
		7023D34625F0D235003A8FE6 /* SystemConfiguration.framework */ = {isa = PBXFileReference; lastKnownFileType = wrapper.framework; name = SystemConfiguration.framework; path = System/Library/Frameworks/SystemConfiguration.framework; sourceTree = SDKROOT; };
		7023D35325F0D50B003A8FE6 /* GTLogin.m */ = {isa = PBXFileReference; fileEncoding = 4; lastKnownFileType = sourcecode.c.objc; path = GTLogin.m; sourceTree = "<group>"; };
		7023D35425F0D50B003A8FE6 /* GTLogin.h */ = {isa = PBXFileReference; fileEncoding = 4; lastKnownFileType = sourcecode.c.h; path = GTLogin.h; sourceTree = "<group>"; };
		7028F26225EE236200AA1D03 /* GTVideoPlayer.h */ = {isa = PBXFileReference; lastKnownFileType = sourcecode.c.h; path = GTVideoPlayer.h; sourceTree = "<group>"; };
		7028F26325EE236200AA1D03 /* GTVideoPlayer.m */ = {isa = PBXFileReference; lastKnownFileType = sourcecode.c.objc; path = GTVideoPlayer.m; sourceTree = "<group>"; };
		70585D3725E5F6A90071E900 /* GTMediator.h */ = {isa = PBXFileReference; lastKnownFileType = sourcecode.c.h; path = GTMediator.h; sourceTree = "<group>"; };
		70585D3825E5F6A90071E900 /* GTMediator.m */ = {isa = PBXFileReference; lastKnownFileType = sourcecode.c.objc; path = GTMediator.m; sourceTree = "<group>"; };
		706A98C625EF1EA400BC4F7B /* GTVideoToolbar.h */ = {isa = PBXFileReference; lastKnownFileType = sourcecode.c.h; path = GTVideoToolbar.h; sourceTree = "<group>"; };
		706A98C725EF1EA400BC4F7B /* GTVideoToolbar.m */ = {isa = PBXFileReference; lastKnownFileType = sourcecode.c.objc; path = GTVideoToolbar.m; sourceTree = "<group>"; };
		706A98CD25EF3B4900BC4F7B /* GTScreen.h */ = {isa = PBXFileReference; lastKnownFileType = sourcecode.c.h; path = GTScreen.h; sourceTree = "<group>"; };
		706A98CE25EF3B4900BC4F7B /* GTScreen.m */ = {isa = PBXFileReference; lastKnownFileType = sourcecode.c.objc; path = GTScreen.m; sourceTree = "<group>"; };
		707E0E0125CA556F0088B375 /* SampleApp.app */ = {isa = PBXFileReference; explicitFileType = wrapper.application; includeInIndex = 0; path = SampleApp.app; sourceTree = BUILT_PRODUCTS_DIR; };
		707E0E0425CA556F0088B375 /* AppDelegate.h */ = {isa = PBXFileReference; lastKnownFileType = sourcecode.c.h; path = AppDelegate.h; sourceTree = "<group>"; };
		707E0E0525CA556F0088B375 /* AppDelegate.m */ = {isa = PBXFileReference; lastKnownFileType = sourcecode.c.objc; path = AppDelegate.m; sourceTree = "<group>"; };
		707E0E0A25CA556F0088B375 /* GTNewsViewController.h */ = {isa = PBXFileReference; lastKnownFileType = sourcecode.c.h; path = GTNewsViewController.h; sourceTree = "<group>"; };
		707E0E0B25CA556F0088B375 /* GTNewsViewController.m */ = {isa = PBXFileReference; lastKnownFileType = sourcecode.c.objc; path = GTNewsViewController.m; sourceTree = "<group>"; };
		707E0E1025CA55700088B375 /* Assets.xcassets */ = {isa = PBXFileReference; lastKnownFileType = folder.assetcatalog; path = Assets.xcassets; sourceTree = "<group>"; };
		707E0E1325CA55700088B375 /* Base */ = {isa = PBXFileReference; lastKnownFileType = file.storyboard; name = Base; path = Base.lproj/LaunchScreen.storyboard; sourceTree = "<group>"; };
		707E0E1525CA55700088B375 /* Info.plist */ = {isa = PBXFileReference; lastKnownFileType = text.plist.xml; path = Info.plist; sourceTree = "<group>"; };
		707E0E1625CA55700088B375 /* main.m */ = {isa = PBXFileReference; lastKnownFileType = sourcecode.c.objc; path = main.m; sourceTree = "<group>"; };
		707E0E1C25CA55700088B375 /* SampleAppTests.xctest */ = {isa = PBXFileReference; explicitFileType = wrapper.cfbundle; includeInIndex = 0; path = SampleAppTests.xctest; sourceTree = BUILT_PRODUCTS_DIR; };
		707E0E2025CA55700088B375 /* SampleAppTests.m */ = {isa = PBXFileReference; lastKnownFileType = sourcecode.c.objc; path = SampleAppTests.m; sourceTree = "<group>"; };
		707E0E2225CA55700088B375 /* Info.plist */ = {isa = PBXFileReference; lastKnownFileType = text.plist.xml; path = Info.plist; sourceTree = "<group>"; };
		707E0E2725CA55700088B375 /* SampleAppUITests.xctest */ = {isa = PBXFileReference; explicitFileType = wrapper.cfbundle; includeInIndex = 0; path = SampleAppUITests.xctest; sourceTree = BUILT_PRODUCTS_DIR; };
		707E0E2B25CA55700088B375 /* SampleAppUITests.m */ = {isa = PBXFileReference; lastKnownFileType = sourcecode.c.objc; path = SampleAppUITests.m; sourceTree = "<group>"; };
		707E0E2D25CA55700088B375 /* Info.plist */ = {isa = PBXFileReference; lastKnownFileType = text.plist.xml; path = Info.plist; sourceTree = "<group>"; };
		7085FB2D25DFA1A900C2049D /* GTVideoViewController.h */ = {isa = PBXFileReference; lastKnownFileType = sourcecode.c.h; path = GTVideoViewController.h; sourceTree = "<group>"; };
		7085FB2E25DFA1A900C2049D /* GTVideoViewController.m */ = {isa = PBXFileReference; lastKnownFileType = sourcecode.c.objc; path = GTVideoViewController.m; sourceTree = "<group>"; };
		70ABE0A225CBD6C700A665D8 /* icon.bundle */ = {isa = PBXFileReference; lastKnownFileType = "wrapper.plug-in"; path = icon.bundle; sourceTree = "<group>"; };
		70B9B7CA25ECE10700ED0568 /* GTVideoCoverViewCollectionViewCell.h */ = {isa = PBXFileReference; lastKnownFileType = sourcecode.c.h; path = GTVideoCoverViewCollectionViewCell.h; sourceTree = "<group>"; };
		70B9B7CB25ECE10700ED0568 /* GTVideoCoverViewCollectionViewCell.m */ = {isa = PBXFileReference; lastKnownFileType = sourcecode.c.objc; path = GTVideoCoverViewCollectionViewCell.m; sourceTree = "<group>"; };
		70BF60A025E0E3E70068E995 /* GTRecommendViewController.h */ = {isa = PBXFileReference; lastKnownFileType = sourcecode.c.h; path = GTRecommendViewController.h; sourceTree = "<group>"; };
		70BF60A125E0E3E70068E995 /* GTRecommendViewController.m */ = {isa = PBXFileReference; lastKnownFileType = sourcecode.c.objc; path = GTRecommendViewController.m; sourceTree = "<group>"; };
		70BF60C425E356FA0068E995 /* GTDetailViewController.h */ = {isa = PBXFileReference; lastKnownFileType = sourcecode.c.h; path = GTDetailViewController.h; sourceTree = "<group>"; };
		70BF60C525E356FA0068E995 /* GTDetailViewController.m */ = {isa = PBXFileReference; lastKnownFileType = sourcecode.c.objc; path = GTDetailViewController.m; sourceTree = "<group>"; };
		70BF60D925E361000068E995 /* GTNormalTableViewCell.h */ = {isa = PBXFileReference; lastKnownFileType = sourcecode.c.h; path = GTNormalTableViewCell.h; sourceTree = "<group>"; };
		70BF60DA25E361000068E995 /* GTNormalTableViewCell.m */ = {isa = PBXFileReference; lastKnownFileType = sourcecode.c.objc; path = GTNormalTableViewCell.m; sourceTree = "<group>"; };
		70BF60DF25E3644A0068E995 /* GTDeleteCellView.h */ = {isa = PBXFileReference; lastKnownFileType = sourcecode.c.h; path = GTDeleteCellView.h; sourceTree = "<group>"; };
		70BF60E025E3644A0068E995 /* GTDeleteCellView.m */ = {isa = PBXFileReference; lastKnownFileType = sourcecode.c.objc; path = GTDeleteCellView.m; sourceTree = "<group>"; };
		70BF60EF25E3A1040068E995 /* GTListLoad.h */ = {isa = PBXFileReference; lastKnownFileType = sourcecode.c.h; path = GTListLoad.h; sourceTree = "<group>"; };
		70BF60F025E3A1040068E995 /* GTListLoad.m */ = {isa = PBXFileReference; lastKnownFileType = sourcecode.c.objc; path = GTListLoad.m; sourceTree = "<group>"; };
		70BF612225E4DA0C0068E995 /* GTListItem.h */ = {isa = PBXFileReference; lastKnownFileType = sourcecode.c.h; path = GTListItem.h; sourceTree = "<group>"; };
		70BF612325E4DA0C0068E995 /* GTListItem.m */ = {isa = PBXFileReference; lastKnownFileType = sourcecode.c.objc; path = GTListItem.m; sourceTree = "<group>"; };
		70F11A8725F0976700EECD5B /* GTSlashView.h */ = {isa = PBXFileReference; lastKnownFileType = sourcecode.c.h; path = GTSlashView.h; sourceTree = "<group>"; };
		70F11A8825F0976700EECD5B /* GTSlashView.m */ = {isa = PBXFileReference; lastKnownFileType = sourcecode.c.objc; path = GTSlashView.m; sourceTree = "<group>"; };
		70F11AAA25F0B27500EECD5B /* GTStatic.h */ = {isa = PBXFileReference; fileEncoding = 4; lastKnownFileType = sourcecode.c.h; path = GTStatic.h; sourceTree = "<group>"; };
		70F11AAB25F0B27500EECD5B /* GTStaticTest.h */ = {isa = PBXFileReference; fileEncoding = 4; lastKnownFileType = sourcecode.c.h; path = GTStaticTest.h; sourceTree = "<group>"; };
		70F11AAC25F0B27500EECD5B /* libGTStatic.a */ = {isa = PBXFileReference; lastKnownFileType = archive.ar; path = libGTStatic.a; sourceTree = "<group>"; };
		721CEAA3AD166D3179772B42 /* Pods-SampleApp.debug.xcconfig */ = {isa = PBXFileReference; includeInIndex = 1; lastKnownFileType = text.xcconfig; name = "Pods-SampleApp.debug.xcconfig"; path = "Target Support Files/Pods-SampleApp/Pods-SampleApp.debug.xcconfig"; sourceTree = "<group>"; };
		7F7E7E18D78834B4B1618BC5 /* Pods-SampleApp.release.xcconfig */ = {isa = PBXFileReference; includeInIndex = 1; lastKnownFileType = text.xcconfig; name = "Pods-SampleApp.release.xcconfig"; path = "Target Support Files/Pods-SampleApp/Pods-SampleApp.release.xcconfig"; sourceTree = "<group>"; };
/* End PBXFileReference section */

/* Begin PBXFrameworksBuildPhase section */
		707E0DFE25CA556F0088B375 /* Frameworks */ = {
			isa = PBXFrameworksBuildPhase;
			buildActionMask = 2147483647;
			files = (
				70F11AAD25F0B27500EECD5B /* libGTStatic.a in Frameworks */,
				7023D34825F0D23B003A8FE6 /* SystemConfiguration.framework in Frameworks */,
				7023D34225F0D209003A8FE6 /* TencentOpenAPI.framework in Frameworks */,
				7D38B7DA6B15CFD4549DEE47 /* libPods-SampleApp.a in Frameworks */,
				7023D33425F0C112003A8FE6 /* GTFramework.framework in Frameworks */,
			);
			runOnlyForDeploymentPostprocessing = 0;
		};
		707E0E1925CA55700088B375 /* Frameworks */ = {
			isa = PBXFrameworksBuildPhase;
			buildActionMask = 2147483647;
			files = (
			);
			runOnlyForDeploymentPostprocessing = 0;
		};
		707E0E2425CA55700088B375 /* Frameworks */ = {
			isa = PBXFrameworksBuildPhase;
			buildActionMask = 2147483647;
			files = (
			);
			runOnlyForDeploymentPostprocessing = 0;
		};
/* End PBXFrameworksBuildPhase section */

/* Begin PBXGroup section */
		3FE618F0F221CE5C70022C52 /* Pods */ = {
			isa = PBXGroup;
			children = (
				721CEAA3AD166D3179772B42 /* Pods-SampleApp.debug.xcconfig */,
				7F7E7E18D78834B4B1618BC5 /* Pods-SampleApp.release.xcconfig */,
			);
			path = Pods;
			sourceTree = "<group>";
		};
		7023D33825F0C82A003A8FE6 /* MineController */ = {
			isa = PBXGroup;
			children = (
				7023D35425F0D50B003A8FE6 /* GTLogin.h */,
				7023D35325F0D50B003A8FE6 /* GTLogin.m */,
				7023D33A25F0C850003A8FE6 /* GTMineViewController.h */,
				7023D33925F0C850003A8FE6 /* GTMineViewController.m */,
			);
			path = MineController;
			sourceTree = "<group>";
		};
		707E0DF825CA556F0088B375 = {
			isa = PBXGroup;
			children = (
				707E0E0325CA556F0088B375 /* SampleApp */,
				707E0E1F25CA55700088B375 /* SampleAppTests */,
				707E0E2A25CA55700088B375 /* SampleAppUITests */,
				707E0E0225CA556F0088B375 /* Products */,
				3FE618F0F221CE5C70022C52 /* Pods */,
				F6641F389B625634C8056A8F /* Frameworks */,
			);
			sourceTree = "<group>";
		};
		707E0E0225CA556F0088B375 /* Products */ = {
			isa = PBXGroup;
			children = (
				707E0E0125CA556F0088B375 /* SampleApp.app */,
				707E0E1C25CA55700088B375 /* SampleAppTests.xctest */,
				707E0E2725CA55700088B375 /* SampleAppUITests.xctest */,
			);
			name = Products;
			sourceTree = "<group>";
		};
		707E0E0325CA556F0088B375 /* SampleApp */ = {
			isa = PBXGroup;
			children = (
				7023D33825F0C82A003A8FE6 /* MineController */,
				70F11AA925F0B24D00EECD5B /* GTFramework */,
				70B9B7C625ECDE4F00ED0568 /* VideoController */,
				70BF60EB25E396680068E995 /* NewsController */,
				70ABE0A225CBD6C700A665D8 /* icon.bundle */,
				707E0E0425CA556F0088B375 /* AppDelegate.h */,
				707E0E0525CA556F0088B375 /* AppDelegate.m */,
				707E0E1025CA55700088B375 /* Assets.xcassets */,
				707E0E1225CA55700088B375 /* LaunchScreen.storyboard */,
				707E0E1525CA55700088B375 /* Info.plist */,
				707E0E1625CA55700088B375 /* main.m */,
				70BF60A025E0E3E70068E995 /* GTRecommendViewController.h */,
				70BF60A125E0E3E70068E995 /* GTRecommendViewController.m */,
				70F11A8725F0976700EECD5B /* GTSlashView.h */,
				70F11A8825F0976700EECD5B /* GTSlashView.m */,
			);
			path = SampleApp;
			sourceTree = "<group>";
		};
		707E0E1F25CA55700088B375 /* SampleAppTests */ = {
			isa = PBXGroup;
			children = (
				707E0E2025CA55700088B375 /* SampleAppTests.m */,
				707E0E2225CA55700088B375 /* Info.plist */,
			);
			path = SampleAppTests;
			sourceTree = "<group>";
		};
		707E0E2A25CA55700088B375 /* SampleAppUITests */ = {
			isa = PBXGroup;
			children = (
				707E0E2B25CA55700088B375 /* SampleAppUITests.m */,
				707E0E2D25CA55700088B375 /* Info.plist */,
			);
			path = SampleAppUITests;
			sourceTree = "<group>";
		};
		70B9B7C625ECDE4F00ED0568 /* VideoController */ = {
			isa = PBXGroup;
			children = (
				7085FB2D25DFA1A900C2049D /* GTVideoViewController.h */,
				7085FB2E25DFA1A900C2049D /* GTVideoViewController.m */,
				70B9B7CA25ECE10700ED0568 /* GTVideoCoverViewCollectionViewCell.h */,
				70B9B7CB25ECE10700ED0568 /* GTVideoCoverViewCollectionViewCell.m */,
				7028F26225EE236200AA1D03 /* GTVideoPlayer.h */,
				7028F26325EE236200AA1D03 /* GTVideoPlayer.m */,
				706A98C625EF1EA400BC4F7B /* GTVideoToolbar.h */,
				706A98C725EF1EA400BC4F7B /* GTVideoToolbar.m */,
			);
			path = VideoController;
			sourceTree = "<group>";
		};
		70BF60EB25E396680068E995 /* NewsController */ = {
			isa = PBXGroup;
			children = (
				70BF612125E4D9960068E995 /* Controller */,
				70BF612025E4D96D0068E995 /* Model */,
				70BF611F25E4D9640068E995 /* View */,
			);
			path = NewsController;
			sourceTree = "<group>";
		};
		70BF611F25E4D9640068E995 /* View */ = {
			isa = PBXGroup;
			children = (
				70BF60D925E361000068E995 /* GTNormalTableViewCell.h */,
				70BF60DA25E361000068E995 /* GTNormalTableViewCell.m */,
				70BF60DF25E3644A0068E995 /* GTDeleteCellView.h */,
				70BF60E025E3644A0068E995 /* GTDeleteCellView.m */,
				706A98CD25EF3B4900BC4F7B /* GTScreen.h */,
				706A98CE25EF3B4900BC4F7B /* GTScreen.m */,
			);
			path = View;
			sourceTree = "<group>";
		};
		70BF612025E4D96D0068E995 /* Model */ = {
			isa = PBXGroup;
			children = (
				70BF60EF25E3A1040068E995 /* GTListLoad.h */,
				70BF60F025E3A1040068E995 /* GTListLoad.m */,
				70BF612225E4DA0C0068E995 /* GTListItem.h */,
				70BF612325E4DA0C0068E995 /* GTListItem.m */,
			);
			path = Model;
			sourceTree = "<group>";
		};
		70BF612125E4D9960068E995 /* Controller */ = {
			isa = PBXGroup;
			children = (
				707E0E0A25CA556F0088B375 /* GTNewsViewController.h */,
				707E0E0B25CA556F0088B375 /* GTNewsViewController.m */,
				70585D3725E5F6A90071E900 /* GTMediator.h */,
				70585D3825E5F6A90071E900 /* GTMediator.m */,
				70BF60C425E356FA0068E995 /* GTDetailViewController.h */,
				70BF60C525E356FA0068E995 /* GTDetailViewController.m */,
			);
			path = Controller;
			sourceTree = "<group>";
		};
		70F11AA925F0B24D00EECD5B /* GTFramework */ = {
			isa = PBXGroup;
			children = (
				7023D33E25F0D1D4003A8FE6 /* TencentOpenAPI.framework */,
				7023D33025F0BED7003A8FE6 /* GTFramework.framework */,
				70F11AAA25F0B27500EECD5B /* GTStatic.h */,
				70F11AAB25F0B27500EECD5B /* GTStaticTest.h */,
				70F11AAC25F0B27500EECD5B /* libGTStatic.a */,
			);
			path = GTFramework;
			sourceTree = "<group>";
		};
		F6641F389B625634C8056A8F /* Frameworks */ = {
			isa = PBXGroup;
			children = (
				7023D34625F0D235003A8FE6 /* SystemConfiguration.framework */,
				5E67906EE39AE6C81E81D51D /* libPods-SampleApp.a */,
			);
			name = Frameworks;
			sourceTree = "<group>";
		};
/* End PBXGroup section */

/* Begin PBXNativeTarget section */
		707E0E0025CA556F0088B375 /* SampleApp */ = {
			isa = PBXNativeTarget;
			buildConfigurationList = 707E0E3025CA55700088B375 /* Build configuration list for PBXNativeTarget "SampleApp" */;
			buildPhases = (
				BBF434D186ED2A91DFD8DC9D /* [CP] Check Pods Manifest.lock */,
				707E0DFD25CA556F0088B375 /* Sources */,
				707E0DFE25CA556F0088B375 /* Frameworks */,
				707E0DFF25CA556F0088B375 /* Resources */,
				7023D32D25F0BBEA003A8FE6 /* Embed Frameworks */,
			);
			buildRules = (
			);
			dependencies = (
			);
			name = SampleApp;
			productName = SampleApp;
			productReference = 707E0E0125CA556F0088B375 /* SampleApp.app */;
			productType = "com.apple.product-type.application";
		};
		707E0E1B25CA55700088B375 /* SampleAppTests */ = {
			isa = PBXNativeTarget;
			buildConfigurationList = 707E0E3325CA55700088B375 /* Build configuration list for PBXNativeTarget "SampleAppTests" */;
			buildPhases = (
				707E0E1825CA55700088B375 /* Sources */,
				707E0E1925CA55700088B375 /* Frameworks */,
				707E0E1A25CA55700088B375 /* Resources */,
			);
			buildRules = (
			);
			dependencies = (
				707E0E1E25CA55700088B375 /* PBXTargetDependency */,
			);
			name = SampleAppTests;
			productName = SampleAppTests;
			productReference = 707E0E1C25CA55700088B375 /* SampleAppTests.xctest */;
			productType = "com.apple.product-type.bundle.unit-test";
		};
		707E0E2625CA55700088B375 /* SampleAppUITests */ = {
			isa = PBXNativeTarget;
			buildConfigurationList = 707E0E3625CA55700088B375 /* Build configuration list for PBXNativeTarget "SampleAppUITests" */;
			buildPhases = (
				707E0E2325CA55700088B375 /* Sources */,
				707E0E2425CA55700088B375 /* Frameworks */,
				707E0E2525CA55700088B375 /* Resources */,
			);
			buildRules = (
			);
			dependencies = (
				707E0E2925CA55700088B375 /* PBXTargetDependency */,
			);
			name = SampleAppUITests;
			productName = SampleAppUITests;
			productReference = 707E0E2725CA55700088B375 /* SampleAppUITests.xctest */;
			productType = "com.apple.product-type.bundle.ui-testing";
		};
/* End PBXNativeTarget section */

/* Begin PBXProject section */
		707E0DF925CA556F0088B375 /* Project object */ = {
			isa = PBXProject;
			attributes = {
				LastUpgradeCheck = 1240;
				TargetAttributes = {
					707E0E0025CA556F0088B375 = {
						CreatedOnToolsVersion = 12.4;
					};
					707E0E1B25CA55700088B375 = {
						CreatedOnToolsVersion = 12.4;
						TestTargetID = 707E0E0025CA556F0088B375;
					};
					707E0E2625CA55700088B375 = {
						CreatedOnToolsVersion = 12.4;
						TestTargetID = 707E0E0025CA556F0088B375;
					};
				};
			};
			buildConfigurationList = 707E0DFC25CA556F0088B375 /* Build configuration list for PBXProject "SampleApp" */;
			compatibilityVersion = "Xcode 9.3";
			developmentRegion = en;
			hasScannedForEncodings = 0;
			knownRegions = (
				en,
				Base,
			);
			mainGroup = 707E0DF825CA556F0088B375;
			productRefGroup = 707E0E0225CA556F0088B375 /* Products */;
			projectDirPath = "";
			projectRoot = "";
			targets = (
				707E0E0025CA556F0088B375 /* SampleApp */,
				707E0E1B25CA55700088B375 /* SampleAppTests */,
				707E0E2625CA55700088B375 /* SampleAppUITests */,
			);
		};
/* End PBXProject section */

/* Begin PBXResourcesBuildPhase section */
		707E0DFF25CA556F0088B375 /* Resources */ = {
			isa = PBXResourcesBuildPhase;
			buildActionMask = 2147483647;
			files = (
				707E0E1425CA55700088B375 /* LaunchScreen.storyboard in Resources */,
				707E0E1125CA55700088B375 /* Assets.xcassets in Resources */,
				70ABE0A325CBD6C700A665D8 /* icon.bundle in Resources */,
			);
			runOnlyForDeploymentPostprocessing = 0;
		};
		707E0E1A25CA55700088B375 /* Resources */ = {
			isa = PBXResourcesBuildPhase;
			buildActionMask = 2147483647;
			files = (
			);
			runOnlyForDeploymentPostprocessing = 0;
		};
		707E0E2525CA55700088B375 /* Resources */ = {
			isa = PBXResourcesBuildPhase;
			buildActionMask = 2147483647;
			files = (
			);
			runOnlyForDeploymentPostprocessing = 0;
		};
/* End PBXResourcesBuildPhase section */

/* Begin PBXShellScriptBuildPhase section */
		BBF434D186ED2A91DFD8DC9D /* [CP] Check Pods Manifest.lock */ = {
			isa = PBXShellScriptBuildPhase;
			buildActionMask = 2147483647;
			files = (
			);
			inputFileListPaths = (
			);
			inputPaths = (
				"${PODS_PODFILE_DIR_PATH}/Podfile.lock",
				"${PODS_ROOT}/Manifest.lock",
			);
			name = "[CP] Check Pods Manifest.lock";
			outputFileListPaths = (
			);
			outputPaths = (
				"$(DERIVED_FILE_DIR)/Pods-SampleApp-checkManifestLockResult.txt",
			);
			runOnlyForDeploymentPostprocessing = 0;
			shellPath = /bin/sh;
			shellScript = "diff \"${PODS_PODFILE_DIR_PATH}/Podfile.lock\" \"${PODS_ROOT}/Manifest.lock\" > /dev/null\nif [ $? != 0 ] ; then\n    # print error to STDERR\n    echo \"error: The sandbox is not in sync with the Podfile.lock. Run 'pod install' or update your CocoaPods installation.\" >&2\n    exit 1\nfi\n# This output is used by Xcode 'outputs' to avoid re-running this script phase.\necho \"SUCCESS\" > \"${SCRIPT_OUTPUT_FILE_0}\"\n";
			showEnvVarsInLog = 0;
		};
/* End PBXShellScriptBuildPhase section */

/* Begin PBXSourcesBuildPhase section */
		707E0DFD25CA556F0088B375 /* Sources */ = {
			isa = PBXSourcesBuildPhase;
			buildActionMask = 2147483647;
			files = (
				706A98CF25EF3B4900BC4F7B /* GTScreen.m in Sources */,
				70BF614425E4E2E40068E995 /* GTNormalTableViewCell.h in Sources */,
				70BF614525E4E2E40068E995 /* GTNormalTableViewCell.m in Sources */,
				70B9B7CC25ECE10700ED0568 /* GTVideoCoverViewCollectionViewCell.m in Sources */,
				70BF60C625E356FA0068E995 /* GTDetailViewController.m in Sources */,
				70585D3925E5F6A90071E900 /* GTMediator.m in Sources */,
				7023D35525F0D50B003A8FE6 /* GTLogin.m in Sources */,
				707E0E0C25CA556F0088B375 /* GTNewsViewController.m in Sources */,
				70BF612425E4DA0C0068E995 /* GTListItem.m in Sources */,
				7028F26425EE236200AA1D03 /* GTVideoPlayer.m in Sources */,
				707E0E0625CA556F0088B375 /* AppDelegate.m in Sources */,
				7023D33B25F0C850003A8FE6 /* GTMineViewController.m in Sources */,
				70BF60F125E3A1040068E995 /* GTListLoad.m in Sources */,
				706A98C825EF1EA400BC4F7B /* GTVideoToolbar.m in Sources */,
				707E0E1725CA55700088B375 /* main.m in Sources */,
				70BF60A225E0E3E70068E995 /* GTRecommendViewController.m in Sources */,
				70BF60E125E3644A0068E995 /* GTDeleteCellView.m in Sources */,
				70F11A8925F0976700EECD5B /* GTSlashView.m in Sources */,
				7085FB2F25DFA1A900C2049D /* GTVideoViewController.m in Sources */,
			);
			runOnlyForDeploymentPostprocessing = 0;
		};
		707E0E1825CA55700088B375 /* Sources */ = {
			isa = PBXSourcesBuildPhase;
			buildActionMask = 2147483647;
			files = (
				707E0E2125CA55700088B375 /* SampleAppTests.m in Sources */,
			);
			runOnlyForDeploymentPostprocessing = 0;
		};
		707E0E2325CA55700088B375 /* Sources */ = {
			isa = PBXSourcesBuildPhase;
			buildActionMask = 2147483647;
			files = (
				707E0E2C25CA55700088B375 /* SampleAppUITests.m in Sources */,
			);
			runOnlyForDeploymentPostprocessing = 0;
		};
/* End PBXSourcesBuildPhase section */

/* Begin PBXTargetDependency section */
		707E0E1E25CA55700088B375 /* PBXTargetDependency */ = {
			isa = PBXTargetDependency;
			target = 707E0E0025CA556F0088B375 /* SampleApp */;
			targetProxy = 707E0E1D25CA55700088B375 /* PBXContainerItemProxy */;
		};
		707E0E2925CA55700088B375 /* PBXTargetDependency */ = {
			isa = PBXTargetDependency;
			target = 707E0E0025CA556F0088B375 /* SampleApp */;
			targetProxy = 707E0E2825CA55700088B375 /* PBXContainerItemProxy */;
		};
/* End PBXTargetDependency section */

/* Begin PBXVariantGroup section */
		707E0E1225CA55700088B375 /* LaunchScreen.storyboard */ = {
			isa = PBXVariantGroup;
			children = (
				707E0E1325CA55700088B375 /* Base */,
			);
			name = LaunchScreen.storyboard;
			sourceTree = "<group>";
		};
/* End PBXVariantGroup section */

/* Begin XCBuildConfiguration section */
		707E0E2E25CA55700088B375 /* Debug */ = {
			isa = XCBuildConfiguration;
			buildSettings = {
				ALWAYS_SEARCH_USER_PATHS = NO;
				CLANG_ANALYZER_NONNULL = YES;
				CLANG_ANALYZER_NUMBER_OBJECT_CONVERSION = YES_AGGRESSIVE;
				CLANG_CXX_LANGUAGE_STANDARD = "gnu++14";
				CLANG_CXX_LIBRARY = "libc++";
				CLANG_ENABLE_MODULES = YES;
				CLANG_ENABLE_OBJC_ARC = YES;
				CLANG_ENABLE_OBJC_WEAK = YES;
				CLANG_WARN_BLOCK_CAPTURE_AUTORELEASING = YES;
				CLANG_WARN_BOOL_CONVERSION = YES;
				CLANG_WARN_COMMA = YES;
				CLANG_WARN_CONSTANT_CONVERSION = YES;
				CLANG_WARN_DEPRECATED_OBJC_IMPLEMENTATIONS = YES;
				CLANG_WARN_DIRECT_OBJC_ISA_USAGE = YES_ERROR;
				CLANG_WARN_DOCUMENTATION_COMMENTS = YES;
				CLANG_WARN_EMPTY_BODY = YES;
				CLANG_WARN_ENUM_CONVERSION = YES;
				CLANG_WARN_INFINITE_RECURSION = YES;
				CLANG_WARN_INT_CONVERSION = YES;
				CLANG_WARN_NON_LITERAL_NULL_CONVERSION = YES;
				CLANG_WARN_OBJC_IMPLICIT_RETAIN_SELF = YES;
				CLANG_WARN_OBJC_LITERAL_CONVERSION = YES;
				CLANG_WARN_OBJC_ROOT_CLASS = YES_ERROR;
				CLANG_WARN_QUOTED_INCLUDE_IN_FRAMEWORK_HEADER = YES;
				CLANG_WARN_RANGE_LOOP_ANALYSIS = YES;
				CLANG_WARN_STRICT_PROTOTYPES = YES;
				CLANG_WARN_SUSPICIOUS_MOVE = YES;
				CLANG_WARN_UNGUARDED_AVAILABILITY = YES_AGGRESSIVE;
				CLANG_WARN_UNREACHABLE_CODE = YES;
				CLANG_WARN__DUPLICATE_METHOD_MATCH = YES;
				COPY_PHASE_STRIP = NO;
				DEBUG_INFORMATION_FORMAT = dwarf;
				ENABLE_STRICT_OBJC_MSGSEND = YES;
				ENABLE_TESTABILITY = YES;
				GCC_C_LANGUAGE_STANDARD = gnu11;
				GCC_DYNAMIC_NO_PIC = NO;
				GCC_NO_COMMON_BLOCKS = YES;
				GCC_OPTIMIZATION_LEVEL = 0;
				GCC_PREPROCESSOR_DEFINITIONS = (
					"DEBUG=1",
					"$(inherited)",
				);
				GCC_WARN_64_TO_32_BIT_CONVERSION = YES;
				GCC_WARN_ABOUT_RETURN_TYPE = YES_ERROR;
				GCC_WARN_UNDECLARED_SELECTOR = YES;
				GCC_WARN_UNINITIALIZED_AUTOS = YES_AGGRESSIVE;
				GCC_WARN_UNUSED_FUNCTION = YES;
				GCC_WARN_UNUSED_VARIABLE = YES;
				IPHONEOS_DEPLOYMENT_TARGET = 14.4;
				MTL_ENABLE_DEBUG_INFO = INCLUDE_SOURCE;
				MTL_FAST_MATH = YES;
				ONLY_ACTIVE_ARCH = YES;
				SDKROOT = iphoneos;
			};
			name = Debug;
		};
		707E0E2F25CA55700088B375 /* Release */ = {
			isa = XCBuildConfiguration;
			buildSettings = {
				ALWAYS_SEARCH_USER_PATHS = NO;
				CLANG_ANALYZER_NONNULL = YES;
				CLANG_ANALYZER_NUMBER_OBJECT_CONVERSION = YES_AGGRESSIVE;
				CLANG_CXX_LANGUAGE_STANDARD = "gnu++14";
				CLANG_CXX_LIBRARY = "libc++";
				CLANG_ENABLE_MODULES = YES;
				CLANG_ENABLE_OBJC_ARC = YES;
				CLANG_ENABLE_OBJC_WEAK = YES;
				CLANG_WARN_BLOCK_CAPTURE_AUTORELEASING = YES;
				CLANG_WARN_BOOL_CONVERSION = YES;
				CLANG_WARN_COMMA = YES;
				CLANG_WARN_CONSTANT_CONVERSION = YES;
				CLANG_WARN_DEPRECATED_OBJC_IMPLEMENTATIONS = YES;
				CLANG_WARN_DIRECT_OBJC_ISA_USAGE = YES_ERROR;
				CLANG_WARN_DOCUMENTATION_COMMENTS = YES;
				CLANG_WARN_EMPTY_BODY = YES;
				CLANG_WARN_ENUM_CONVERSION = YES;
				CLANG_WARN_INFINITE_RECURSION = YES;
				CLANG_WARN_INT_CONVERSION = YES;
				CLANG_WARN_NON_LITERAL_NULL_CONVERSION = YES;
				CLANG_WARN_OBJC_IMPLICIT_RETAIN_SELF = YES;
				CLANG_WARN_OBJC_LITERAL_CONVERSION = YES;
				CLANG_WARN_OBJC_ROOT_CLASS = YES_ERROR;
				CLANG_WARN_QUOTED_INCLUDE_IN_FRAMEWORK_HEADER = YES;
				CLANG_WARN_RANGE_LOOP_ANALYSIS = YES;
				CLANG_WARN_STRICT_PROTOTYPES = YES;
				CLANG_WARN_SUSPICIOUS_MOVE = YES;
				CLANG_WARN_UNGUARDED_AVAILABILITY = YES_AGGRESSIVE;
				CLANG_WARN_UNREACHABLE_CODE = YES;
				CLANG_WARN__DUPLICATE_METHOD_MATCH = YES;
				COPY_PHASE_STRIP = NO;
				DEBUG_INFORMATION_FORMAT = "dwarf-with-dsym";
				ENABLE_NS_ASSERTIONS = NO;
				ENABLE_STRICT_OBJC_MSGSEND = YES;
				GCC_C_LANGUAGE_STANDARD = gnu11;
				GCC_NO_COMMON_BLOCKS = YES;
				GCC_WARN_64_TO_32_BIT_CONVERSION = YES;
				GCC_WARN_ABOUT_RETURN_TYPE = YES_ERROR;
				GCC_WARN_UNDECLARED_SELECTOR = YES;
				GCC_WARN_UNINITIALIZED_AUTOS = YES_AGGRESSIVE;
				GCC_WARN_UNUSED_FUNCTION = YES;
				GCC_WARN_UNUSED_VARIABLE = YES;
				IPHONEOS_DEPLOYMENT_TARGET = 14.4;
				MTL_ENABLE_DEBUG_INFO = NO;
				MTL_FAST_MATH = YES;
				SDKROOT = iphoneos;
				VALIDATE_PRODUCT = YES;
			};
			name = Release;
		};
		707E0E3125CA55700088B375 /* Debug */ = {
			isa = XCBuildConfiguration;
			baseConfigurationReference = 721CEAA3AD166D3179772B42 /* Pods-SampleApp.debug.xcconfig */;
			buildSettings = {
				ASSETCATALOG_COMPILER_APPICON_NAME = AppIcon;
				ASSETCATALOG_COMPILER_GLOBAL_ACCENT_COLOR_NAME = AccentColor;
				CODE_SIGN_STYLE = Automatic;
				DEVELOPMENT_TEAM = J98T72V82N;
				FRAMEWORK_SEARCH_PATHS = (
					"$(inherited)",
					"$(PROJECT_DIR)/SampleApp/GTFramework",
				);
				INFOPLIST_FILE = SampleApp/Info.plist;
				LD_RUNPATH_SEARCH_PATHS = (
					"$(inherited)",
					"@executable_path/Frameworks",
				);
				LIBRARY_SEARCH_PATHS = (
					"$(inherited)",
					"$(PROJECT_DIR)/SampleApp/GTFramework",
				);
				PRODUCT_BUNDLE_IDENTIFIER = QQ.SampleApp;
				PRODUCT_NAME = "$(TARGET_NAME)";
				TARGETED_DEVICE_FAMILY = "1,2";
			};
			name = Debug;
		};
		707E0E3225CA55700088B375 /* Release */ = {
			isa = XCBuildConfiguration;
			baseConfigurationReference = 7F7E7E18D78834B4B1618BC5 /* Pods-SampleApp.release.xcconfig */;
			buildSettings = {
				ASSETCATALOG_COMPILER_APPICON_NAME = AppIcon;
				ASSETCATALOG_COMPILER_GLOBAL_ACCENT_COLOR_NAME = AccentColor;
				CODE_SIGN_STYLE = Automatic;
				DEVELOPMENT_TEAM = J98T72V82N;
				FRAMEWORK_SEARCH_PATHS = (
					"$(inherited)",
					"$(PROJECT_DIR)/SampleApp/GTFramework",
				);
				INFOPLIST_FILE = SampleApp/Info.plist;
				LD_RUNPATH_SEARCH_PATHS = (
					"$(inherited)",
					"@executable_path/Frameworks",
				);
				LIBRARY_SEARCH_PATHS = (
					"$(inherited)",
					"$(PROJECT_DIR)/SampleApp/GTFramework",
				);
				PRODUCT_BUNDLE_IDENTIFIER = QQ.SampleApp;
				PRODUCT_NAME = "$(TARGET_NAME)";
				TARGETED_DEVICE_FAMILY = "1,2";
			};
			name = Release;
		};
		707E0E3425CA55700088B375 /* Debug */ = {
			isa = XCBuildConfiguration;
			buildSettings = {
				BUNDLE_LOADER = "$(TEST_HOST)";
				CODE_SIGN_STYLE = Automatic;
				DEVELOPMENT_TEAM = J98T72V82N;
				INFOPLIST_FILE = SampleAppTests/Info.plist;
				IPHONEOS_DEPLOYMENT_TARGET = 14.4;
				LD_RUNPATH_SEARCH_PATHS = (
					"$(inherited)",
					"@executable_path/Frameworks",
					"@loader_path/Frameworks",
				);
				PRODUCT_BUNDLE_IDENTIFIER = QQ.SampleAppTests;
				PRODUCT_NAME = "$(TARGET_NAME)";
				TARGETED_DEVICE_FAMILY = "1,2";
				TEST_HOST = "$(BUILT_PRODUCTS_DIR)/SampleApp.app/SampleApp";
			};
			name = Debug;
		};
		707E0E3525CA55700088B375 /* Release */ = {
			isa = XCBuildConfiguration;
			buildSettings = {
				BUNDLE_LOADER = "$(TEST_HOST)";
				CODE_SIGN_STYLE = Automatic;
				DEVELOPMENT_TEAM = J98T72V82N;
				INFOPLIST_FILE = SampleAppTests/Info.plist;
				IPHONEOS_DEPLOYMENT_TARGET = 14.4;
				LD_RUNPATH_SEARCH_PATHS = (
					"$(inherited)",
					"@executable_path/Frameworks",
					"@loader_path/Frameworks",
				);
				PRODUCT_BUNDLE_IDENTIFIER = QQ.SampleAppTests;
				PRODUCT_NAME = "$(TARGET_NAME)";
				TARGETED_DEVICE_FAMILY = "1,2";
				TEST_HOST = "$(BUILT_PRODUCTS_DIR)/SampleApp.app/SampleApp";
			};
			name = Release;
		};
		707E0E3725CA55700088B375 /* Debug */ = {
			isa = XCBuildConfiguration;
			buildSettings = {
				CODE_SIGN_STYLE = Automatic;
				DEVELOPMENT_TEAM = J98T72V82N;
				INFOPLIST_FILE = SampleAppUITests/Info.plist;
				LD_RUNPATH_SEARCH_PATHS = (
					"$(inherited)",
					"@executable_path/Frameworks",
					"@loader_path/Frameworks",
				);
				PRODUCT_BUNDLE_IDENTIFIER = QQ.SampleAppUITests;
				PRODUCT_NAME = "$(TARGET_NAME)";
				TARGETED_DEVICE_FAMILY = "1,2";
				TEST_TARGET_NAME = SampleApp;
			};
			name = Debug;
		};
		707E0E3825CA55700088B375 /* Release */ = {
			isa = XCBuildConfiguration;
			buildSettings = {
				CODE_SIGN_STYLE = Automatic;
				DEVELOPMENT_TEAM = J98T72V82N;
				INFOPLIST_FILE = SampleAppUITests/Info.plist;
				LD_RUNPATH_SEARCH_PATHS = (
					"$(inherited)",
					"@executable_path/Frameworks",
					"@loader_path/Frameworks",
				);
				PRODUCT_BUNDLE_IDENTIFIER = QQ.SampleAppUITests;
				PRODUCT_NAME = "$(TARGET_NAME)";
				TARGETED_DEVICE_FAMILY = "1,2";
				TEST_TARGET_NAME = SampleApp;
			};
			name = Release;
		};
/* End XCBuildConfiguration section */

/* Begin XCConfigurationList section */
		707E0DFC25CA556F0088B375 /* Build configuration list for PBXProject "SampleApp" */ = {
			isa = XCConfigurationList;
			buildConfigurations = (
				707E0E2E25CA55700088B375 /* Debug */,
				707E0E2F25CA55700088B375 /* Release */,
			);
			defaultConfigurationIsVisible = 0;
			defaultConfigurationName = Release;
		};
		707E0E3025CA55700088B375 /* Build configuration list for PBXNativeTarget "SampleApp" */ = {
			isa = XCConfigurationList;
			buildConfigurations = (
				707E0E3125CA55700088B375 /* Debug */,
				707E0E3225CA55700088B375 /* Release */,
			);
			defaultConfigurationIsVisible = 0;
			defaultConfigurationName = Release;
		};
		707E0E3325CA55700088B375 /* Build configuration list for PBXNativeTarget "SampleAppTests" */ = {
			isa = XCConfigurationList;
			buildConfigurations = (
				707E0E3425CA55700088B375 /* Debug */,
				707E0E3525CA55700088B375 /* Release */,
			);
			defaultConfigurationIsVisible = 0;
			defaultConfigurationName = Release;
		};
		707E0E3625CA55700088B375 /* Build configuration list for PBXNativeTarget "SampleAppUITests" */ = {
			isa = XCConfigurationList;
			buildConfigurations = (
				707E0E3725CA55700088B375 /* Debug */,
				707E0E3825CA55700088B375 /* Release */,
			);
			defaultConfigurationIsVisible = 0;
			defaultConfigurationName = Release;
		};
/* End XCConfigurationList section */
	};
	rootObject = 707E0DF925CA556F0088B375 /* Project object */;
}
